
Microsoft Visual Studio Solution File, Format Version 12.00
# Visual Studio Version 17
VisualStudioVersion = 17.7.34031.279
MinimumVisualStudioVersion = 10.0.40219.1
Project("{8BC9CEB8-8B4A-11D0-8D11-00A0C91BC942}") = "Client", "Client\Client.vcxproj", "{D2547795-1B21-4A88-90B5-0663814A0420}"
EndProject
Project("{8BC9CEB8-8B4A-11D0-8D11-00A0C91BC942}") = "Server", "Server\Server.vcxproj", "{0454551C-2FB6-433A-B690-C9D16FBE20D1}"
EndProject
Global
	GlobalSection(SolutionConfigurationPlatforms) = preSolution
		Debug|x64 = Debug|x64
		Debug|x86 = Debug|x86
		Release|x64 = Release|x64
		Release|x86 = Release|x86
	EndGlobalSection
	GlobalSection(ProjectConfigurationPlatforms) = postSolution
		{D2547795-1B21-4A88-90B5-0663814A0420}.Debug|x64.ActiveCfg = Debug|Win32
		{D2547795-1B21-4A88-90B5-0663814A0420}.Debug|x64.Build.0 = Debug|Win32
		{D2547795-1B21-4A88-90B5-0663814A0420}.Debug|x86.ActiveCfg = Debug|Win32
		{D2547795-1B21-4A88-90B5-0663814A0420}.Debug|x86.Build.0 = Debug|Win32
		{D2547795-1B21-4A88-90B5-0663814A0420}.Release|x64.ActiveCfg = Release|x64
		{D2547795-1B21-4A88-90B5-0663814A0420}.Release|x64.Build.0 = Release|x64
		{D2547795-1B21-4A88-90B5-0663814A0420}.Release|x86.ActiveCfg = Release|Win32
		{D2547795-1B21-4A88-90B5-0663814A0420}.Release|x86.Build.0 = Release|Win32
		{0454551C-2FB6-433A-B690-C9D16FBE20D1}.Debug|x64.ActiveCfg = Debug|Win32
		{0454551C-2FB6-433A-B690-C9D16FBE20D1}.Debug|x64.Build.0 = Debug|Win32
		{0454551C-2FB6-433A-B690-C9D16FBE20D1}.Debug|x86.ActiveCfg = Debug|Win32
		{0454551C-2FB6-433A-B690-C9D16FBE20D1}.Debug|x86.Build.0 = Debug|Win32
		{0454551C-2FB6-433A-B690-C9D16FBE20D1}.Release|x64.ActiveCfg = Release|x64
		{0454551C-2FB6-433A-B690-C9D16FBE20D1}.Release|x64.Build.0 = Release|x64
		{0454551C-2FB6-433A-B690-C9D16FBE20D1}.Release|x86.ActiveCfg = Release|Win32
		{0454551C-2FB6-433A-B690-C9D16FBE20D1}.Release|x86.Build.0 = Release|Win32
	EndGlobalSection
	GlobalSection(SolutionProperties) = preSolution
		HideSolutionNode = FALSE
	EndGlobalSection
	GlobalSection(ExtensibilityGlobals) = postSolution
		SolutionGuid = {9BC80D2E-81E2-4F66-81A9-C6C4034880CD}
	EndGlobalSection
EndGlobal
